
Microsoft Visual Studio Solution File, Format Version 12.00
# Visual Studio Version 17
VisualStudioVersion = 17.0.32014.148
MinimumVisualStudioVersion = 10.0.40219.1
Project("{FAE04EC0-301F-11D3-BF4B-00C04F79EFBC}") = "PersonalDataWebAPI CRUD", "PersonalDataWebAPI CRUD\PersonalDataWebAPI CRUD.csproj", "{96F9FACF-0BB2-4B48-B33C-2BDA3508D6E2}"
EndProject
Global
	GlobalSection(SolutionConfigurationPlatforms) = preSolution
		Debug|Any CPU = Debug|Any CPU
		Release|Any CPU = Release|Any CPU
	EndGlobalSection
	GlobalSection(ProjectConfigurationPlatforms) = postSolution
		{96F9FACF-0BB2-4B48-B33C-2BDA3508D6E2}.Debug|Any CPU.ActiveCfg = Debug|Any CPU
		{96F9FACF-0BB2-4B48-B33C-2BDA3508D6E2}.Debug|Any CPU.Build.0 = Debug|Any CPU
		{96F9FACF-0BB2-4B48-B33C-2BDA3508D6E2}.Release|Any CPU.ActiveCfg = Release|Any CPU
		{96F9FACF-0BB2-4B48-B33C-2BDA3508D6E2}.Release|Any CPU.Build.0 = Release|Any CPU
	EndGlobalSection
	GlobalSection(SolutionProperties) = preSolution
		HideSolutionNode = FALSE
	EndGlobalSection
	GlobalSection(ExtensibilityGlobals) = postSolution
		SolutionGuid = {5F389011-EF65-44CD-BFAD-C356DA2561B3}
	EndGlobalSection
EndGlobal
